
Microsoft Visual Studio Solution File, Format Version 12.00
# Visual Studio Version 16
VisualStudioVersion = 16.0.30114.105
MinimumVisualStudioVersion = 10.0.40219.1
Project("{2150E333-8FDC-42A3-9474-1A3956D46DE8}") = "Puller", "Puller", "{C762F2B0-A788-4D87-A444-DC4B8A1E989A}"
EndProject
Project("{2150E333-8FDC-42A3-9474-1A3956D46DE8}") = "Synchronizer", "Synchronizer", "{33191963-57DA-48AA-A3EB-F483B74E7B06}"
EndProject
Project("{2150E333-8FDC-42A3-9474-1A3956D46DE8}") = "Rss", "Rss", "{7B6970DF-174A-41A3-90DB-30B9EF85C563}"
EndProject
Project("{FAE04EC0-301F-11D3-BF4B-00C04F79EFBC}") = "Lifee.RSS.Puller.Application", "RSS\Puller\Lifee.RSS.Puller.Application\Lifee.RSS.Puller.Application.csproj", "{FE2300D8-E16A-42C6-A0AE-29C0F6E4FD37}"
EndProject
Project("{FAE04EC0-301F-11D3-BF4B-00C04F79EFBC}") = "Lifee.RSS.Api", "RSS\Lifee.RSS.Api\Lifee.RSS.Api.csproj", "{244ADD6B-B03C-430D-9771-7D336B66AB9E}"
EndProject
Project("{FAE04EC0-301F-11D3-BF4B-00C04F79EFBC}") = "Lifee.RSS.Application", "RSS\Lifee.RSS.Application\Lifee.RSS.Application.csproj", "{BFA7BE6B-0D0D-4BE1-B148-4D0156155F07}"
EndProject
Project("{FAE04EC0-301F-11D3-BF4B-00C04F79EFBC}") = "Lifee.RSS.Puller.Api", "RSS\Puller\Lifee.RSS.Puller.Api\Lifee.RSS.Puller.Api.csproj", "{53B1E058-71A0-439A-A463-A4CDAB77A0CA}"
EndProject
Project("{2150E333-8FDC-42A3-9474-1A3956D46DE8}") = "Pocket", "Pocket", "{2DEF7A7C-57A5-476F-B9AC-F3DF4640ACD5}"
EndProject
Project("{2150E333-8FDC-42A3-9474-1A3956D46DE8}") = "Puller", "Puller", "{817D7512-8653-4338-8232-2375EC37B82A}"
EndProject
Project("{2150E333-8FDC-42A3-9474-1A3956D46DE8}") = "Synchronizer", "Synchronizer", "{9C5E35C4-6868-41A0-B162-7C3D80751660}"
EndProject
Project("{FAE04EC0-301F-11D3-BF4B-00C04F79EFBC}") = "Lifee.Pocket.Synchronizer.Api", "Pocket\Synchronizer\Lifee.Pocket.Synchronizer.Api\Lifee.Pocket.Synchronizer.Api.csproj", "{4ABDDCA6-2269-45E0-AFBB-96B67A1ADD62}"
EndProject
Project("{FAE04EC0-301F-11D3-BF4B-00C04F79EFBC}") = "Lifee.Pocket.Synchronizer.Application", "Pocket\Synchronizer\Lifee.Pocket.Synchronizer.Application\Lifee.Pocket.Synchronizer.Application.csproj", "{21E1813F-1D41-45CB-9EAA-62CA46EEB38A}"
EndProject
Project("{2150E333-8FDC-42A3-9474-1A3956D46DE8}") = "Pocket", "Pocket", "{BCA443FB-B646-4A26-AB1E-865F82773849}"
EndProject
Project("{FAE04EC0-301F-11D3-BF4B-00C04F79EFBC}") = "Lifee.RSS.Pocket.Api", "RSS\Pocket\Lifee.RSS.Pocket.Api\Lifee.RSS.Pocket.Api.csproj", "{37B9CB41-A060-48DF-BAA8-025F3F1985C3}"
EndProject
Project("{FAE04EC0-301F-11D3-BF4B-00C04F79EFBC}") = "Lifee.RSS.Pocket.Application", "RSS\Pocket\Lifee.RSS.Pocket.Application\Lifee.RSS.Pocket.Application.csproj", "{204AFBCC-9B0D-4052-B446-0B0D88BF94B7}"
EndProject
Project("{FAE04EC0-301F-11D3-BF4B-00C04F79EFBC}") = "Lifee.Pocket.Api", "Pocket\Lifee.Pocket.Api\Lifee.Pocket.Api.csproj", "{FA36F501-D1C1-4725-A74B-F8EBCB2E0907}"
EndProject
Project("{FAE04EC0-301F-11D3-BF4B-00C04F79EFBC}") = "Lifee.Pocket.Application", "Pocket\Lifee.Pocket.Application\Lifee.Pocket.Application.csproj", "{DC036B9D-B827-4E68-B3DD-786F592D1F67}"
EndProject
Global
	GlobalSection(SolutionConfigurationPlatforms) = preSolution
		Debug|Any CPU = Debug|Any CPU
		Release|Any CPU = Release|Any CPU
	EndGlobalSection
	GlobalSection(SolutionProperties) = preSolution
		HideSolutionNode = FALSE
	EndGlobalSection
	GlobalSection(ProjectConfigurationPlatforms) = postSolution
		{FE2300D8-E16A-42C6-A0AE-29C0F6E4FD37}.Debug|Any CPU.ActiveCfg = Debug|Any CPU
		{FE2300D8-E16A-42C6-A0AE-29C0F6E4FD37}.Debug|Any CPU.Build.0 = Debug|Any CPU
		{FE2300D8-E16A-42C6-A0AE-29C0F6E4FD37}.Release|Any CPU.ActiveCfg = Release|Any CPU
		{FE2300D8-E16A-42C6-A0AE-29C0F6E4FD37}.Release|Any CPU.Build.0 = Release|Any CPU
		{244ADD6B-B03C-430D-9771-7D336B66AB9E}.Debug|Any CPU.ActiveCfg = Debug|Any CPU
		{244ADD6B-B03C-430D-9771-7D336B66AB9E}.Debug|Any CPU.Build.0 = Debug|Any CPU
		{244ADD6B-B03C-430D-9771-7D336B66AB9E}.Release|Any CPU.ActiveCfg = Release|Any CPU
		{244ADD6B-B03C-430D-9771-7D336B66AB9E}.Release|Any CPU.Build.0 = Release|Any CPU
		{BFA7BE6B-0D0D-4BE1-B148-4D0156155F07}.Debug|Any CPU.ActiveCfg = Debug|Any CPU
		{BFA7BE6B-0D0D-4BE1-B148-4D0156155F07}.Debug|Any CPU.Build.0 = Debug|Any CPU
		{BFA7BE6B-0D0D-4BE1-B148-4D0156155F07}.Release|Any CPU.ActiveCfg = Release|Any CPU
		{BFA7BE6B-0D0D-4BE1-B148-4D0156155F07}.Release|Any CPU.Build.0 = Release|Any CPU
		{53B1E058-71A0-439A-A463-A4CDAB77A0CA}.Debug|Any CPU.ActiveCfg = Debug|Any CPU
		{53B1E058-71A0-439A-A463-A4CDAB77A0CA}.Debug|Any CPU.Build.0 = Debug|Any CPU
		{53B1E058-71A0-439A-A463-A4CDAB77A0CA}.Release|Any CPU.ActiveCfg = Release|Any CPU
		{53B1E058-71A0-439A-A463-A4CDAB77A0CA}.Release|Any CPU.Build.0 = Release|Any CPU
		{4ABDDCA6-2269-45E0-AFBB-96B67A1ADD62}.Debug|Any CPU.ActiveCfg = Debug|Any CPU
		{4ABDDCA6-2269-45E0-AFBB-96B67A1ADD62}.Debug|Any CPU.Build.0 = Debug|Any CPU
		{4ABDDCA6-2269-45E0-AFBB-96B67A1ADD62}.Release|Any CPU.ActiveCfg = Release|Any CPU
		{4ABDDCA6-2269-45E0-AFBB-96B67A1ADD62}.Release|Any CPU.Build.0 = Release|Any CPU
		{21E1813F-1D41-45CB-9EAA-62CA46EEB38A}.Debug|Any CPU.ActiveCfg = Debug|Any CPU
		{21E1813F-1D41-45CB-9EAA-62CA46EEB38A}.Debug|Any CPU.Build.0 = Debug|Any CPU
		{21E1813F-1D41-45CB-9EAA-62CA46EEB38A}.Release|Any CPU.ActiveCfg = Release|Any CPU
		{21E1813F-1D41-45CB-9EAA-62CA46EEB38A}.Release|Any CPU.Build.0 = Release|Any CPU
		{37B9CB41-A060-48DF-BAA8-025F3F1985C3}.Debug|Any CPU.ActiveCfg = Debug|Any CPU
		{37B9CB41-A060-48DF-BAA8-025F3F1985C3}.Debug|Any CPU.Build.0 = Debug|Any CPU
		{37B9CB41-A060-48DF-BAA8-025F3F1985C3}.Release|Any CPU.ActiveCfg = Release|Any CPU
		{37B9CB41-A060-48DF-BAA8-025F3F1985C3}.Release|Any CPU.Build.0 = Release|Any CPU
		{204AFBCC-9B0D-4052-B446-0B0D88BF94B7}.Debug|Any CPU.ActiveCfg = Debug|Any CPU
		{204AFBCC-9B0D-4052-B446-0B0D88BF94B7}.Debug|Any CPU.Build.0 = Debug|Any CPU
		{204AFBCC-9B0D-4052-B446-0B0D88BF94B7}.Release|Any CPU.ActiveCfg = Release|Any CPU
		{204AFBCC-9B0D-4052-B446-0B0D88BF94B7}.Release|Any CPU.Build.0 = Release|Any CPU
		{FA36F501-D1C1-4725-A74B-F8EBCB2E0907}.Debug|Any CPU.ActiveCfg = Debug|Any CPU
		{FA36F501-D1C1-4725-A74B-F8EBCB2E0907}.Debug|Any CPU.Build.0 = Debug|Any CPU
		{FA36F501-D1C1-4725-A74B-F8EBCB2E0907}.Release|Any CPU.ActiveCfg = Release|Any CPU
		{FA36F501-D1C1-4725-A74B-F8EBCB2E0907}.Release|Any CPU.Build.0 = Release|Any CPU
		{DC036B9D-B827-4E68-B3DD-786F592D1F67}.Debug|Any CPU.ActiveCfg = Debug|Any CPU
		{DC036B9D-B827-4E68-B3DD-786F592D1F67}.Debug|Any CPU.Build.0 = Debug|Any CPU
		{DC036B9D-B827-4E68-B3DD-786F592D1F67}.Release|Any CPU.ActiveCfg = Release|Any CPU
		{DC036B9D-B827-4E68-B3DD-786F592D1F67}.Release|Any CPU.Build.0 = Release|Any CPU
	EndGlobalSection
	GlobalSection(NestedProjects) = preSolution
		{C762F2B0-A788-4D87-A444-DC4B8A1E989A} = {7B6970DF-174A-41A3-90DB-30B9EF85C563}
		{FE2300D8-E16A-42C6-A0AE-29C0F6E4FD37} = {C762F2B0-A788-4D87-A444-DC4B8A1E989A}
		{244ADD6B-B03C-430D-9771-7D336B66AB9E} = {7B6970DF-174A-41A3-90DB-30B9EF85C563}
		{BFA7BE6B-0D0D-4BE1-B148-4D0156155F07} = {7B6970DF-174A-41A3-90DB-30B9EF85C563}
		{53B1E058-71A0-439A-A463-A4CDAB77A0CA} = {C762F2B0-A788-4D87-A444-DC4B8A1E989A}
		{817D7512-8653-4338-8232-2375EC37B82A} = {2DEF7A7C-57A5-476F-B9AC-F3DF4640ACD5}
		{9C5E35C4-6868-41A0-B162-7C3D80751660} = {2DEF7A7C-57A5-476F-B9AC-F3DF4640ACD5}
		{4ABDDCA6-2269-45E0-AFBB-96B67A1ADD62} = {9C5E35C4-6868-41A0-B162-7C3D80751660}
		{21E1813F-1D41-45CB-9EAA-62CA46EEB38A} = {9C5E35C4-6868-41A0-B162-7C3D80751660}
		{BCA443FB-B646-4A26-AB1E-865F82773849} = {7B6970DF-174A-41A3-90DB-30B9EF85C563}
		{37B9CB41-A060-48DF-BAA8-025F3F1985C3} = {BCA443FB-B646-4A26-AB1E-865F82773849}
		{204AFBCC-9B0D-4052-B446-0B0D88BF94B7} = {BCA443FB-B646-4A26-AB1E-865F82773849}
		{FA36F501-D1C1-4725-A74B-F8EBCB2E0907} = {2DEF7A7C-57A5-476F-B9AC-F3DF4640ACD5}
		{DC036B9D-B827-4E68-B3DD-786F592D1F67} = {2DEF7A7C-57A5-476F-B9AC-F3DF4640ACD5}
	EndGlobalSection
EndGlobal
